
Microsoft Visual Studio Solution File, Format Version 12.00
# Visual Studio 15
VisualStudioVersion = 15.0.27428.2037
MinimumVisualStudioVersion = 10.0.40219.1
Project("{FAE04EC0-301F-11D3-BF4B-00C04F79EFBC}") = "LAN002", "LAN002\LAN002.csproj", "{CA7AFA4F-916D-4181-BAF5-7CBDA83B876F}"
EndProject
Project("{FAE04EC0-301F-11D3-BF4B-00C04F79EFBC}") = "LAN002Tests", "LAN002Tests\LAN002Tests.csproj", "{9DBB2CE1-9DC4-4374-9DBE-2375FD28E46B}"
EndProject
Global
	GlobalSection(SolutionConfigurationPlatforms) = preSolution
		Debug|Any CPU = Debug|Any CPU
		Release|Any CPU = Release|Any CPU
	EndGlobalSection
	GlobalSection(ProjectConfigurationPlatforms) = postSolution
		{CA7AFA4F-916D-4181-BAF5-7CBDA83B876F}.Debug|Any CPU.ActiveCfg = Debug|Any CPU
		{CA7AFA4F-916D-4181-BAF5-7CBDA83B876F}.Debug|Any CPU.Build.0 = Debug|Any CPU
		{CA7AFA4F-916D-4181-BAF5-7CBDA83B876F}.Release|Any CPU.ActiveCfg = Release|Any CPU
		{CA7AFA4F-916D-4181-BAF5-7CBDA83B876F}.Release|Any CPU.Build.0 = Release|Any CPU
		{9DBB2CE1-9DC4-4374-9DBE-2375FD28E46B}.Debug|Any CPU.ActiveCfg = Debug|Any CPU
		{9DBB2CE1-9DC4-4374-9DBE-2375FD28E46B}.Debug|Any CPU.Build.0 = Debug|Any CPU
		{9DBB2CE1-9DC4-4374-9DBE-2375FD28E46B}.Release|Any CPU.ActiveCfg = Release|Any CPU
		{9DBB2CE1-9DC4-4374-9DBE-2375FD28E46B}.Release|Any CPU.Build.0 = Release|Any CPU
	EndGlobalSection
	GlobalSection(SolutionProperties) = preSolution
		HideSolutionNode = FALSE
	EndGlobalSection
	GlobalSection(ExtensibilityGlobals) = postSolution
		SolutionGuid = {C8346F0B-8415-4240-A94A-06F12EEDD234}
	EndGlobalSection
EndGlobal
